
Microsoft Visual Studio Solution File, Format Version 12.00
# Visual Studio Version 17
VisualStudioVersion = 17.5.33530.505
MinimumVisualStudioVersion = 10.0.40219.1
Project("{54A90642-561A-4BB1-A94E-469ADEE60C69}") = "angularapp", "angularapp\angularapp.esproj", "{C8AB6640-BA09-484D-B001-9DB4F257D11F}"
EndProject
Project("{9A19103F-16F7-4668-BE54-9A1E7A4F7556}") = "webapi", "webapi\webapi.csproj", "{B1D83DD0-C3D0-42D0-91B0-3A5B635C0E04}"
EndProject
Global
	GlobalSection(SolutionConfigurationPlatforms) = preSolution
		Debug|Any CPU = Debug|Any CPU
		Release|Any CPU = Release|Any CPU
	EndGlobalSection
	GlobalSection(ProjectConfigurationPlatforms) = postSolution
		{C8AB6640-BA09-484D-B001-9DB4F257D11F}.Debug|Any CPU.ActiveCfg = Debug|Any CPU
		{C8AB6640-BA09-484D-B001-9DB4F257D11F}.Debug|Any CPU.Build.0 = Debug|Any CPU
		{C8AB6640-BA09-484D-B001-9DB4F257D11F}.Debug|Any CPU.Deploy.0 = Debug|Any CPU
		{C8AB6640-BA09-484D-B001-9DB4F257D11F}.Release|Any CPU.ActiveCfg = Release|Any CPU
		{C8AB6640-BA09-484D-B001-9DB4F257D11F}.Release|Any CPU.Build.0 = Release|Any CPU
		{C8AB6640-BA09-484D-B001-9DB4F257D11F}.Release|Any CPU.Deploy.0 = Release|Any CPU
		{B1D83DD0-C3D0-42D0-91B0-3A5B635C0E04}.Debug|Any CPU.ActiveCfg = Debug|Any CPU
		{B1D83DD0-C3D0-42D0-91B0-3A5B635C0E04}.Debug|Any CPU.Build.0 = Debug|Any CPU
		{B1D83DD0-C3D0-42D0-91B0-3A5B635C0E04}.Release|Any CPU.ActiveCfg = Release|Any CPU
		{B1D83DD0-C3D0-42D0-91B0-3A5B635C0E04}.Release|Any CPU.Build.0 = Release|Any CPU
	EndGlobalSection
	GlobalSection(SolutionProperties) = preSolution
		HideSolutionNode = FALSE
	EndGlobalSection
	GlobalSection(ExtensibilityGlobals) = postSolution
		SolutionGuid = {CB3FB0DA-46D5-4AD6-849F-D47D20003FDA}
	EndGlobalSection
EndGlobal
